
Microsoft Visual Studio Solution File, Format Version 12.00
# Visual Studio Version 16
VisualStudioVersion = 16.0.30114.105
MinimumVisualStudioVersion = 10.0.40219.1
Project("{FAE04EC0-301F-11D3-BF4B-00C04F79EFBC}") = "R5T.Pickwich.Default", "R5T.Pickwich.Default\R5T.Pickwich.Default.csproj", "{A696BA49-4821-4558-ABA5-FE28FB436AC1}"
EndProject
Project("{FAE04EC0-301F-11D3-BF4B-00C04F79EFBC}") = "R5T.Pickwich.Default.Construction", "R5T.Pickwich.Default.Construction\R5T.Pickwich.Default.Construction.csproj", "{FAEBB49B-E041-4DFF-8F85-232FC7F28C15}"
EndProject
Project("{FAE04EC0-301F-11D3-BF4B-00C04F79EFBC}") = "R5T.Pickwich.Default.Testing", "R5T.Pickwich.Default.Testing\R5T.Pickwich.Default.Testing.csproj", "{937AF261-3C4F-4205-9468-A0D88CDCD8A9}"
EndProject
Project("{2150E333-8FDC-42A3-9474-1A3956D46DE8}") = "_Dependencies", "_Dependencies", "{739E7CFD-CD19-4837-A4BE-87F02E0F351F}"
EndProject
Project("{FAE04EC0-301F-11D3-BF4B-00C04F79EFBC}") = "R5T.T0064", "..\..\R5T.T0064\source\R5T.T0064\R5T.T0064.csproj", "{63C01A48-2F5F-4E69-A2E5-1CE55BAAEB83}"
EndProject
Global
	GlobalSection(SolutionConfigurationPlatforms) = preSolution
		Debug|Any CPU = Debug|Any CPU
		Debug|x64 = Debug|x64
		Debug|x86 = Debug|x86
		Release|Any CPU = Release|Any CPU
		Release|x64 = Release|x64
		Release|x86 = Release|x86
	EndGlobalSection
	GlobalSection(SolutionProperties) = preSolution
		HideSolutionNode = FALSE
	EndGlobalSection
	GlobalSection(ProjectConfigurationPlatforms) = postSolution
		{A696BA49-4821-4558-ABA5-FE28FB436AC1}.Debug|Any CPU.ActiveCfg = Debug|Any CPU
		{A696BA49-4821-4558-ABA5-FE28FB436AC1}.Debug|Any CPU.Build.0 = Debug|Any CPU
		{A696BA49-4821-4558-ABA5-FE28FB436AC1}.Debug|x64.ActiveCfg = Debug|Any CPU
		{A696BA49-4821-4558-ABA5-FE28FB436AC1}.Debug|x64.Build.0 = Debug|Any CPU
		{A696BA49-4821-4558-ABA5-FE28FB436AC1}.Debug|x86.ActiveCfg = Debug|Any CPU
		{A696BA49-4821-4558-ABA5-FE28FB436AC1}.Debug|x86.Build.0 = Debug|Any CPU
		{A696BA49-4821-4558-ABA5-FE28FB436AC1}.Release|Any CPU.ActiveCfg = Release|Any CPU
		{A696BA49-4821-4558-ABA5-FE28FB436AC1}.Release|Any CPU.Build.0 = Release|Any CPU
		{A696BA49-4821-4558-ABA5-FE28FB436AC1}.Release|x64.ActiveCfg = Release|Any CPU
		{A696BA49-4821-4558-ABA5-FE28FB436AC1}.Release|x64.Build.0 = Release|Any CPU
		{A696BA49-4821-4558-ABA5-FE28FB436AC1}.Release|x86.ActiveCfg = Release|Any CPU
		{A696BA49-4821-4558-ABA5-FE28FB436AC1}.Release|x86.Build.0 = Release|Any CPU
		{FAEBB49B-E041-4DFF-8F85-232FC7F28C15}.Debug|Any CPU.ActiveCfg = Debug|Any CPU
		{FAEBB49B-E041-4DFF-8F85-232FC7F28C15}.Debug|Any CPU.Build.0 = Debug|Any CPU
		{FAEBB49B-E041-4DFF-8F85-232FC7F28C15}.Debug|x64.ActiveCfg = Debug|Any CPU
		{FAEBB49B-E041-4DFF-8F85-232FC7F28C15}.Debug|x64.Build.0 = Debug|Any CPU
		{FAEBB49B-E041-4DFF-8F85-232FC7F28C15}.Debug|x86.ActiveCfg = Debug|Any CPU
		{FAEBB49B-E041-4DFF-8F85-232FC7F28C15}.Debug|x86.Build.0 = Debug|Any CPU
		{FAEBB49B-E041-4DFF-8F85-232FC7F28C15}.Release|Any CPU.ActiveCfg = Release|Any CPU
		{FAEBB49B-E041-4DFF-8F85-232FC7F28C15}.Release|Any CPU.Build.0 = Release|Any CPU
		{FAEBB49B-E041-4DFF-8F85-232FC7F28C15}.Release|x64.ActiveCfg = Release|Any CPU
		{FAEBB49B-E041-4DFF-8F85-232FC7F28C15}.Release|x64.Build.0 = Release|Any CPU
		{FAEBB49B-E041-4DFF-8F85-232FC7F28C15}.Release|x86.ActiveCfg = Release|Any CPU
		{FAEBB49B-E041-4DFF-8F85-232FC7F28C15}.Release|x86.Build.0 = Release|Any CPU
		{937AF261-3C4F-4205-9468-A0D88CDCD8A9}.Debug|Any CPU.ActiveCfg = Debug|Any CPU
		{937AF261-3C4F-4205-9468-A0D88CDCD8A9}.Debug|Any CPU.Build.0 = Debug|Any CPU
		{937AF261-3C4F-4205-9468-A0D88CDCD8A9}.Debug|x64.ActiveCfg = Debug|Any CPU
		{937AF261-3C4F-4205-9468-A0D88CDCD8A9}.Debug|x64.Build.0 = Debug|Any CPU
		{937AF261-3C4F-4205-9468-A0D88CDCD8A9}.Debug|x86.ActiveCfg = Debug|Any CPU
		{937AF261-3C4F-4205-9468-A0D88CDCD8A9}.Debug|x86.Build.0 = Debug|Any CPU
		{937AF261-3C4F-4205-9468-A0D88CDCD8A9}.Release|Any CPU.ActiveCfg = Release|Any CPU
		{937AF261-3C4F-4205-9468-A0D88CDCD8A9}.Release|Any CPU.Build.0 = Release|Any CPU
		{937AF261-3C4F-4205-9468-A0D88CDCD8A9}.Release|x64.ActiveCfg = Release|Any CPU
		{937AF261-3C4F-4205-9468-A0D88CDCD8A9}.Release|x64.Build.0 = Release|Any CPU
		{937AF261-3C4F-4205-9468-A0D88CDCD8A9}.Release|x86.ActiveCfg = Release|Any CPU
		{937AF261-3C4F-4205-9468-A0D88CDCD8A9}.Release|x86.Build.0 = Release|Any CPU
		{63C01A48-2F5F-4E69-A2E5-1CE55BAAEB83}.Debug|Any CPU.ActiveCfg = Debug|Any CPU
		{63C01A48-2F5F-4E69-A2E5-1CE55BAAEB83}.Debug|Any CPU.Build.0 = Debug|Any CPU
		{63C01A48-2F5F-4E69-A2E5-1CE55BAAEB83}.Debug|x64.ActiveCfg = Debug|Any CPU
		{63C01A48-2F5F-4E69-A2E5-1CE55BAAEB83}.Debug|x64.Build.0 = Debug|Any CPU
		{63C01A48-2F5F-4E69-A2E5-1CE55BAAEB83}.Debug|x86.ActiveCfg = Debug|Any CPU
		{63C01A48-2F5F-4E69-A2E5-1CE55BAAEB83}.Debug|x86.Build.0 = Debug|Any CPU
		{63C01A48-2F5F-4E69-A2E5-1CE55BAAEB83}.Release|Any CPU.ActiveCfg = Release|Any CPU
		{63C01A48-2F5F-4E69-A2E5-1CE55BAAEB83}.Release|Any CPU.Build.0 = Release|Any CPU
		{63C01A48-2F5F-4E69-A2E5-1CE55BAAEB83}.Release|x64.ActiveCfg = Release|Any CPU
		{63C01A48-2F5F-4E69-A2E5-1CE55BAAEB83}.Release|x64.Build.0 = Release|Any CPU
		{63C01A48-2F5F-4E69-A2E5-1CE55BAAEB83}.Release|x86.ActiveCfg = Release|Any CPU
		{63C01A48-2F5F-4E69-A2E5-1CE55BAAEB83}.Release|x86.Build.0 = Release|Any CPU
	EndGlobalSection
	GlobalSection(NestedProjects) = preSolution
		{63C01A48-2F5F-4E69-A2E5-1CE55BAAEB83} = {739E7CFD-CD19-4837-A4BE-87F02E0F351F}
	EndGlobalSection
EndGlobal
